{"meta":{"format_version":"4.9","model_format":"free","box_uv":false},"name":"disco","model_identifier":"","visible_box":[1,1,0],"variable_placeholders":"","variable_placeholder_buttons":[],"timeline_setups":[],"unhandled_root_fields":{},"resolution":{"width":16,"height":16},"elements":[{"name":"Sphere","color":9,"origin":[0,0,0],"rotation":[0,0,0],"export":true,"visibility":true,"locked":false,"render_order":"default","allow_mirror_modeling":true,"vertices":{"825w":[0,3.24515184,-7.834502400000001],"ZOZ3":[0,5.996267360000001,-5.996267360000001],"VcyI":[2.2946710400000003,5.996267360000001,-5.53982288],"FWry":[2.99812944,3.24515184,-7.238129440000001],"CcIP":[0,7.834502400000001,-3.24515184],"hOWZ":[0,8.48,0],"1TpI":[1.24187056,7.834502400000001,-2.99812944],"AfMP":[0,-8.48,0],"2iB2":[0,-7.834502400000001,-3.24515184],"tu5U":[1.24187056,-7.834502400000001,-2.99812944],"d8MF":[0,-5.996267360000001,-5.996267360000001],"BDRv":[0,-3.24515184,-7.834502400000001],"PJ8t":[2.99812944,-3.24515184,-7.238129440000001],"ml06":[2.2946710400000003,-5.996267360000001,-5.53982288],"i1ob":[0,0,-8.48],"AyZv":[3.24515184,0,-7.834502400000001],"WvxT":[5.539831360000001,-3.24515184,-5.53982288],"aVRD":[4.24,-5.996267360000001,-4.24],"dxlL":[5.539831360000001,3.24515184,-5.53982288],"I6vQ":[5.996267360000001,0,-5.996267360000001],"rywm":[2.2946710400000003,7.834502400000001,-2.2946710400000003],"nPg1":[4.24,5.996267360000001,-4.24],"JrkC":[2.2946710400000003,-7.834502400000001,-2.2946710400000003],"JIPQ":[5.53982288,-5.996267360000001,-2.2946710400000003],"6Ueq":[2.99812944,-7.834502400000001,-1.24187056],"J9ld":[7.834502400000001,0,-3.24515184],"QQRE":[7.238129440000001,-3.24515184,-2.99812944],"ct9K":[5.53982288,5.996267360000001,-2.2946710400000003],"D2t0":[7.238129440000001,3.24515184,-2.99812944],"azKA":[2.99812944,7.834502400000001,-1.24187056],"GGom":[8.48,0,0],"A0vO":[7.834502400000001,-3.24515184,0],"HNKb":[5.996267360000001,5.996267360000001,0],"WzWI":[7.834502400000001,3.24515184,0],"Q8hq":[3.24515184,7.834502400000001,0],"e7MO":[3.24515184,-7.834502400000001,0],"35De":[5.996267360000001,-5.996267360000001,0],"GV8J":[2.99812944,-7.834502400000001,1.24187056],"Zg2f":[7.238129440000001,-3.24515184,2.99813792],"LQ02":[5.53982288,-5.996267360000001,2.2946710400000003],"jW5r":[7.238129440000001,3.24515184,2.99813792],"tiNk":[7.834493920000001,0,3.2451603200000005],"mscT":[2.99812944,7.834502400000001,1.24187056],"Xi9T":[5.53982288,5.996267360000001,2.2946710400000003],"0Xn7":[5.53982288,3.24515184,5.539831360000001],"J0v5":[5.996267360000001,0,5.996267360000001],"Ly9D":[2.2946710400000003,7.834502400000001,2.2946710400000003],"mLEO":[4.24,5.996267360000001,4.24],"PStL":[4.24,-5.996267360000001,4.24],"djMm":[2.2946710400000003,-7.834502400000001,2.2946710400000003],"1iSk":[5.53982288,-3.24515184,5.539831360000001],"t8Q0":[2.2946710400000003,-5.996267360000001,5.53982288],"yLBK":[1.24187056,-7.834502400000001,2.99812944],"4gDs":[3.24515184,0,7.834502400000001],"zwKc":[2.99812944,-3.24515184,7.238129440000001],"96AN":[2.2946710400000003,5.996267360000001,5.53982288],"8Z2F":[2.99812944,3.24515184,7.238129440000001],"Ej4d":[1.24187056,7.834502400000001,2.99812944],"F8tM":[0,5.996267360000001,5.996267360000001],"aENB":[0,3.24515184,7.834493920000001],"hCJ5":[0,7.834502400000001,3.24515184],"KvsJ":[0,-7.834502400000001,3.24515184],"iYYH":[0,-3.24515184,7.834493920000001],"VMR3":[0,-5.996267360000001,5.996267360000001],"ZVFb":[0,0,8.48],"d3t8":[-1.24187056,-7.834502400000001,2.99812944],"4rSO":[-2.99813792,-3.24515184,7.238129440000001],"nrVn":[-2.2946710400000003,-5.996267360000001,5.53982288],"sTfD":[-2.99813792,3.24515184,7.238129440000001],"uxlG":[-3.2451603200000005,0,7.834493920000001],"Ssfi":[-1.24187056,7.834502400000001,2.99812944],"0I5Z":[-2.2946710400000003,5.996267360000001,5.53982288],"Lk1q":[-2.2946710400000003,7.834502400000001,2.2946710400000003],"eKuW":[-4.24,5.996267360000001,4.24],"qmZN":[-4.24,-5.996267360000001,4.24],"lvbS":[-2.2946710400000003,-7.834502400000001,2.2946710400000003],"eVZ6":[-5.996267360000001,0,5.99625888],"W39a":[-5.539831360000001,-3.24515184,5.53982288],"Vigb":[-5.539831360000001,3.24515184,5.53982288],"bc3p":[-5.53982288,-5.996267360000001,2.2946710400000003],"NB9q":[-2.99812944,-7.834502400000001,1.24186208],"gP1R":[-7.834502400000001,0,3.24515184],"bHPH":[-7.238129440000001,-3.24515184,2.99812944],"6v4X":[-5.53982288,5.996267360000001,2.2946710400000003],"Urpd":[-7.238129440000001,3.24515184,2.99812944],"rayE":[-2.99812944,7.834502400000001,1.24186208],"RUe3":[-3.24515184,7.834502400000001,0],"VACJ":[-3.24515184,-7.834502400000001,0],"SG0O":[-7.834493920000001,-3.24515184,0],"ZSbh":[-5.996267360000001,-5.996267360000001,0],"ar8L":[-7.834493920000001,3.24515184,0],"jyMw":[-8.48,0,-0.00000848],"0uND":[-5.996267360000001,5.996267360000001,0],"Vcnt":[-7.238129440000001,-3.24515184,-2.99813792],"sCWv":[-5.53982288,-5.996267360000001,-2.2946710400000003],"SXsA":[-7.238129440000001,3.24515184,-2.99813792],"lWe4":[-7.834493920000001,0,-3.2451603200000005],"AdeO":[-2.99812944,7.834502400000001,-1.24187056],"Ye0s":[-5.53982288,5.996267360000001,-2.2946710400000003],"aJGJ":[-2.99812944,-7.834502400000001,-1.24187056],"8UuQ":[-4.24,-5.996267360000001,-4.24],"3quR":[-2.2946710400000003,-7.834502400000001,-2.2946710400000003],"KJpA":[-5.99625888,0,-5.996267360000001],"WdF5":[-5.53982288,-3.24515184,-5.539831360000001],"VAeA":[-4.24,5.996267360000001,-4.24],"br26":[-5.53982288,3.24515184,-5.539831360000001],"El1v":[-2.2946710400000003,7.834502400000001,-2.2946710400000003],"CYMn":[-3.24515184,0,-7.834502400000001],"gR4l":[-2.99812944,-3.24515184,-7.238129440000001],"Nrxs":[-2.2946710400000003,5.996267360000001,-5.53982288],"6Zpj":[-2.99812944,3.24515184,-7.238129440000001],"5Pul":[-1.24186208,7.834502400000001,-2.99813792],"ZSD4":[-1.24186208,-7.834502400000001,-2.99813792],"z5Mj":[-2.2946710400000003,-5.996267360000001,-5.53982288]},"faces":{"bfVVaVOM":{"uv":{"825w":[0,16],"ZOZ3":[16,16],"VcyI":[16,0],"FWry":[0,0]},"vertices":["825w","ZOZ3","VcyI","FWry"],"texture":0},"3LzIrOJf":{"uv":{"CcIP":[0,16],"hOWZ":[16,16],"1TpI":[16,0]},"vertices":["CcIP","hOWZ","1TpI"],"texture":0},"iILVlnmU":{"uv":{"AfMP":[0,16],"2iB2":[16,16],"tu5U":[16,0]},"vertices":["AfMP","2iB2","tu5U"],"texture":0},"BEwOxfjv":{"uv":{"d8MF":[0,16],"BDRv":[16,16],"PJ8t":[16,0],"ml06":[0,0]},"vertices":["d8MF","BDRv","PJ8t","ml06"],"texture":0},"AS9QDzG8":{"uv":{"i1ob":[0,16],"825w":[16,16],"FWry":[16,0],"AyZv":[0,0]},"vertices":["i1ob","825w","FWry","AyZv"],"texture":0},"trMTYFIm":{"uv":{"ZOZ3":[0,16],"CcIP":[16,16],"1TpI":[16,0],"VcyI":[0,0]},"vertices":["ZOZ3","CcIP","1TpI","VcyI"],"texture":0},"tk0xIapI":{"uv":{"2iB2":[0,16],"d8MF":[16,16],"ml06":[16,0],"tu5U":[0,0]},"vertices":["2iB2","d8MF","ml06","tu5U"],"texture":0},"GsCz5INJ":{"uv":{"BDRv":[0,16],"i1ob":[16,16],"AyZv":[16,0],"PJ8t":[0,0]},"vertices":["BDRv","i1ob","AyZv","PJ8t"],"texture":0},"hn9QMTwA":{"uv":{"ml06":[0,16],"PJ8t":[16,16],"WvxT":[16,0],"aVRD":[0,0]},"vertices":["ml06","PJ8t","WvxT","aVRD"],"texture":0},"wXFEwB3D":{"uv":{"AyZv":[0,16],"FWry":[16,16],"dxlL":[16,0],"I6vQ":[0,0]},"vertices":["AyZv","FWry","dxlL","I6vQ"],"texture":0},"UmPk0o9J":{"uv":{"VcyI":[0,16],"1TpI":[16,16],"rywm":[16,0],"nPg1":[0,0]},"vertices":["VcyI","1TpI","rywm","nPg1"],"texture":0},"cRHRMVfa":{"uv":{"tu5U":[0,16],"ml06":[16,16],"aVRD":[16,0],"JrkC":[0,0]},"vertices":["tu5U","ml06","aVRD","JrkC"],"texture":0},"oKFn9DOE":{"uv":{"PJ8t":[0,16],"AyZv":[16,16],"I6vQ":[16,0],"WvxT":[0,0]},"vertices":["PJ8t","AyZv","I6vQ","WvxT"],"texture":0},"jvLDvtq3":{"uv":{"FWry":[0,16],"VcyI":[16,16],"nPg1":[16,0],"dxlL":[0,0]},"vertices":["FWry","VcyI","nPg1","dxlL"],"texture":0},"d6Vy2Pq1":{"uv":{"1TpI":[0,16],"hOWZ":[16,16],"rywm":[16,0]},"vertices":["1TpI","hOWZ","rywm"],"texture":0},"y8ur7iKf":{"uv":{"AfMP":[0,16],"tu5U":[16,16],"JrkC":[16,0]},"vertices":["AfMP","tu5U","JrkC"],"texture":0},"wJxbAqkL":{"uv":{"JrkC":[0,16],"aVRD":[16,16],"JIPQ":[16,0],"6Ueq":[0,0]},"vertices":["JrkC","aVRD","JIPQ","6Ueq"],"texture":0},"yX5CvOQC":{"uv":{"WvxT":[0,16],"I6vQ":[16,16],"J9ld":[16,0],"QQRE":[0,0]},"vertices":["WvxT","I6vQ","J9ld","QQRE"],"texture":0},"C75YPTbj":{"uv":{"dxlL":[0,16],"nPg1":[16,16],"ct9K":[16,0],"D2t0":[0,0]},"vertices":["dxlL","nPg1","ct9K","D2t0"],"texture":0},"aL73eX88":{"uv":{"rywm":[0,16],"hOWZ":[16,16],"azKA":[16,0]},"vertices":["rywm","hOWZ","azKA"],"texture":0},"TqEUUGyO":{"uv":{"AfMP":[0,16],"JrkC":[16,16],"6Ueq":[16,0]},"vertices":["AfMP","JrkC","6Ueq"],"texture":0},"S18FPSmB":{"uv":{"aVRD":[0,16],"WvxT":[16,16],"QQRE":[16,0],"JIPQ":[0,0]},"vertices":["aVRD","WvxT","QQRE","JIPQ"],"texture":0},"QXXDZ78U":{"uv":{"I6vQ":[0,16],"dxlL":[16,16],"D2t0":[16,0],"J9ld":[0,0]},"vertices":["I6vQ","dxlL","D2t0","J9ld"],"texture":0},"g7ldfvDg":{"uv":{"nPg1":[0,16],"rywm":[16,16],"azKA":[16,0],"ct9K":[0,0]},"vertices":["nPg1","rywm","azKA","ct9K"],"texture":0},"D6poMCe9":{"uv":{"QQRE":[0,16],"J9ld":[16,16],"GGom":[16,0],"A0vO":[0,0]},"vertices":["QQRE","J9ld","GGom","A0vO"],"texture":0},"Yl3Vgq21":{"uv":{"D2t0":[0,16],"ct9K":[16,16],"HNKb":[16,0],"WzWI":[0,0]},"vertices":["D2t0","ct9K","HNKb","WzWI"],"texture":0},"Qj7fWQgl":{"uv":{"azKA":[0,16],"hOWZ":[16,16],"Q8hq":[16,0]},"vertices":["azKA","hOWZ","Q8hq"],"texture":0},"TonqdJDu":{"uv":{"AfMP":[0,16],"6Ueq":[16,16],"e7MO":[16,0]},"vertices":["AfMP","6Ueq","e7MO"],"texture":0},"qll3hgsW":{"uv":{"JIPQ":[0,16],"QQRE":[16,16],"A0vO":[16,0],"35De":[0,0]},"vertices":["JIPQ","QQRE","A0vO","35De"],"texture":0},"pOr0Uqnw":{"uv":{"J9ld":[0,16],"D2t0":[16,16],"WzWI":[16,0],"GGom":[0,0]},"vertices":["J9ld","D2t0","WzWI","GGom"],"texture":0},"fNTPXW5q":{"uv":{"ct9K":[0,16],"azKA":[16,16],"Q8hq":[16,0],"HNKb":[0,0]},"vertices":["ct9K","azKA","Q8hq","HNKb"],"texture":0},"SbtKxFB2":{"uv":{"6Ueq":[0,16],"JIPQ":[16,16],"35De":[16,0],"e7MO":[0,0]},"vertices":["6Ueq","JIPQ","35De","e7MO"],"texture":0},"soZYi8aN":{"uv":{"AfMP":[0,16],"e7MO":[16,16],"GV8J":[16,0]},"vertices":["AfMP","e7MO","GV8J"],"texture":0},"6OPrbl3U":{"uv":{"35De":[0,16],"A0vO":[16,16],"Zg2f":[16,0],"LQ02":[0,0]},"vertices":["35De","A0vO","Zg2f","LQ02"],"texture":0},"FAdS1r4C":{"uv":{"GGom":[0,16],"WzWI":[16,16],"jW5r":[16,0],"tiNk":[0,0]},"vertices":["GGom","WzWI","jW5r","tiNk"],"texture":0},"4XolW8eh":{"uv":{"HNKb":[0,16],"Q8hq":[16,16],"mscT":[16,0],"Xi9T":[0,0]},"vertices":["HNKb","Q8hq","mscT","Xi9T"],"texture":0},"xkoy0Diu":{"uv":{"e7MO":[0,16],"35De":[16,16],"LQ02":[16,0],"GV8J":[0,0]},"vertices":["e7MO","35De","LQ02","GV8J"],"texture":0},"APIQKz82":{"uv":{"A0vO":[0,16],"GGom":[16,16],"tiNk":[16,0],"Zg2f":[0,0]},"vertices":["A0vO","GGom","tiNk","Zg2f"],"texture":0},"5odU5hah":{"uv":{"WzWI":[0,16],"HNKb":[16,16],"Xi9T":[16,0],"jW5r":[0,0]},"vertices":["WzWI","HNKb","Xi9T","jW5r"],"texture":0},"aXpWBrKe":{"uv":{"Q8hq":[0,16],"hOWZ":[16,16],"mscT":[16,0]},"vertices":["Q8hq","hOWZ","mscT"],"texture":0},"MfQszj70":{"uv":{"tiNk":[0,16],"jW5r":[16,16],"0Xn7":[16,0],"J0v5":[0,0]},"vertices":["tiNk","jW5r","0Xn7","J0v5"],"texture":0},"poFMpCmf":{"uv":{"Xi9T":[0,16],"mscT":[16,16],"Ly9D":[16,0],"mLEO":[0,0]},"vertices":["Xi9T","mscT","Ly9D","mLEO"],"texture":0},"PwfcOjzy":{"uv":{"GV8J":[0,16],"LQ02":[16,16],"PStL":[16,0],"djMm":[0,0]},"vertices":["GV8J","LQ02","PStL","djMm"],"texture":0},"tsuz1tZy":{"uv":{"Zg2f":[0,16],"tiNk":[16,16],"J0v5":[16,0],"1iSk":[0,0]},"vertices":["Zg2f","tiNk","J0v5","1iSk"],"texture":0},"wAw9DnFB":{"uv":{"jW5r":[0,16],"Xi9T":[16,16],"mLEO":[16,0],"0Xn7":[0,0]},"vertices":["jW5r","Xi9T","mLEO","0Xn7"],"texture":0},"jYF51jb8":{"uv":{"mscT":[0,16],"hOWZ":[16,16],"Ly9D":[16,0]},"vertices":["mscT","hOWZ","Ly9D"],"texture":0},"bEupwDl8":{"uv":{"AfMP":[0,16],"GV8J":[16,16],"djMm":[16,0]},"vertices":["AfMP","GV8J","djMm"],"texture":0},"6tukTnak":{"uv":{"LQ02":[0,16],"Zg2f":[16,16],"1iSk":[16,0],"PStL":[0,0]},"vertices":["LQ02","Zg2f","1iSk","PStL"],"texture":0},"7xU8N6Oz":{"uv":{"djMm":[0,16],"PStL":[16,16],"t8Q0":[16,0],"yLBK":[0,0]},"vertices":["djMm","PStL","t8Q0","yLBK"],"texture":0},"SS6hjP5v":{"uv":{"1iSk":[0,16],"J0v5":[16,16],"4gDs":[16,0],"zwKc":[0,0]},"vertices":["1iSk","J0v5","4gDs","zwKc"],"texture":0},"bHnFNEjG":{"uv":{"0Xn7":[0,16],"mLEO":[16,16],"96AN":[16,0],"8Z2F":[0,0]},"vertices":["0Xn7","mLEO","96AN","8Z2F"],"texture":0},"vdxh9HSX":{"uv":{"Ly9D":[0,16],"hOWZ":[16,16],"Ej4d":[16,0]},"vertices":["Ly9D","hOWZ","Ej4d"],"texture":0},"7POEwCc2":{"uv":{"AfMP":[0,16],"djMm":[16,16],"yLBK":[16,0]},"vertices":["AfMP","djMm","yLBK"],"texture":0},"ilFRYTb9":{"uv":{"PStL":[0,16],"1iSk":[16,16],"zwKc":[16,0],"t8Q0":[0,0]},"vertices":["PStL","1iSk","zwKc","t8Q0"],"texture":0},"OLrv5Hrv":{"uv":{"J0v5":[0,16],"0Xn7":[16,16],"8Z2F":[16,0],"4gDs":[0,0]},"vertices":["J0v5","0Xn7","8Z2F","4gDs"],"texture":0},"JaaeYG4u":{"uv":{"mLEO":[0,16],"Ly9D":[16,16],"Ej4d":[16,0],"96AN":[0,0]},"vertices":["mLEO","Ly9D","Ej4d","96AN"],"texture":0},"uodx26VU":{"uv":{"8Z2F":[0,16],"96AN":[16,16],"F8tM":[16,0],"aENB":[0,0]},"vertices":["8Z2F","96AN","F8tM","aENB"],"texture":0},"5fKKALAs":{"uv":{"Ej4d":[0,16],"hOWZ":[16,16],"hCJ5":[16,0]},"vertices":["Ej4d","hOWZ","hCJ5"],"texture":0},"MJ2QsAzZ":{"uv":{"AfMP":[0,16],"yLBK":[16,16],"KvsJ":[16,0]},"vertices":["AfMP","yLBK","KvsJ"],"texture":0},"M6TL1lpa":{"uv":{"t8Q0":[0,16],"zwKc":[16,16],"iYYH":[16,0],"VMR3":[0,0]},"vertices":["t8Q0","zwKc","iYYH","VMR3"],"texture":0},"IBn8m78D":{"uv":{"4gDs":[0,16],"8Z2F":[16,16],"aENB":[16,0],"ZVFb":[0,0]},"vertices":["4gDs","8Z2F","aENB","ZVFb"],"texture":0},"Us3GGGaU":{"uv":{"96AN":[0,16],"Ej4d":[16,16],"hCJ5":[16,0],"F8tM":[0,0]},"vertices":["96AN","Ej4d","hCJ5","F8tM"],"texture":0},"P4ZRpyFr":{"uv":{"yLBK":[0,16],"t8Q0":[16,16],"VMR3":[16,0],"KvsJ":[0,0]},"vertices":["yLBK","t8Q0","VMR3","KvsJ"],"texture":0},"9n4rHiGN":{"uv":{"zwKc":[0,16],"4gDs":[16,16],"ZVFb":[16,0],"iYYH":[0,0]},"vertices":["zwKc","4gDs","ZVFb","iYYH"],"texture":0},"ZPsZfxBY":{"uv":{"AfMP":[0,16],"KvsJ":[16,16],"d3t8":[16,0]},"vertices":["AfMP","KvsJ","d3t8"],"texture":0},"Hjt1aKWF":{"uv":{"VMR3":[0,16],"iYYH":[16,16],"4rSO":[16,0],"nrVn":[0,0]},"vertices":["VMR3","iYYH","4rSO","nrVn"],"texture":0},"tZnSJWSF":{"uv":{"ZVFb":[0,16],"aENB":[16,16],"sTfD":[16,0],"uxlG":[0,0]},"vertices":["ZVFb","aENB","sTfD","uxlG"],"texture":0},"LA5eC9fq":{"uv":{"F8tM":[0,16],"hCJ5":[16,16],"Ssfi":[16,0],"0I5Z":[0,0]},"vertices":["F8tM","hCJ5","Ssfi","0I5Z"],"texture":0},"GWlnk9Ek":{"uv":{"KvsJ":[0,16],"VMR3":[16,16],"nrVn":[16,0],"d3t8":[0,0]},"vertices":["KvsJ","VMR3","nrVn","d3t8"],"texture":0},"WEUdpHkS":{"uv":{"iYYH":[0,16],"ZVFb":[16,16],"uxlG":[16,0],"4rSO":[0,0]},"vertices":["iYYH","ZVFb","uxlG","4rSO"],"texture":0},"MnNs8HIm":{"uv":{"aENB":[0,16],"F8tM":[16,16],"0I5Z":[16,0],"sTfD":[0,0]},"vertices":["aENB","F8tM","0I5Z","sTfD"],"texture":0},"y4aViQLu":{"uv":{"hCJ5":[0,16],"hOWZ":[16,16],"Ssfi":[16,0]},"vertices":["hCJ5","hOWZ","Ssfi"],"texture":0},"aYdihES6":{"uv":{"0I5Z":[0,16],"Ssfi":[16,16],"Lk1q":[16,0],"eKuW":[0,0]},"vertices":["0I5Z","Ssfi","Lk1q","eKuW"],"texture":0},"ov5XaNuV":{"uv":{"d3t8":[0,16],"nrVn":[16,16],"qmZN":[16,0],"lvbS":[0,0]},"vertices":["d3t8","nrVn","qmZN","lvbS"],"texture":0},"HonzoKvK":{"uv":{"4rSO":[0,16],"uxlG":[16,16],"eVZ6":[16,0],"W39a":[0,0]},"vertices":["4rSO","uxlG","eVZ6","W39a"],"texture":0},"xzsHjQst":{"uv":{"sTfD":[0,16],"0I5Z":[16,16],"eKuW":[16,0],"Vigb":[0,0]},"vertices":["sTfD","0I5Z","eKuW","Vigb"],"texture":0},"yrTCVv5Q":{"uv":{"Ssfi":[0,16],"hOWZ":[16,16],"Lk1q":[16,0]},"vertices":["Ssfi","hOWZ","Lk1q"],"texture":0},"PzSa4sIb":{"uv":{"AfMP":[0,16],"d3t8":[16,16],"lvbS":[16,0]},"vertices":["AfMP","d3t8","lvbS"],"texture":0},"Uf9MKX6O":{"uv":{"nrVn":[0,16],"4rSO":[16,16],"W39a":[16,0],"qmZN":[0,0]},"vertices":["nrVn","4rSO","W39a","qmZN"],"texture":0},"9xCQDQqT":{"uv":{"uxlG":[0,16],"sTfD":[16,16],"Vigb":[16,0],"eVZ6":[0,0]},"vertices":["uxlG","sTfD","Vigb","eVZ6"],"texture":0},"R3cSK5f2":{"uv":{"lvbS":[0,16],"qmZN":[16,16],"bc3p":[16,0],"NB9q":[0,0]},"vertices":["lvbS","qmZN","bc3p","NB9q"],"texture":0},"sp46RLLq":{"uv":{"W39a":[0,16],"eVZ6":[16,16],"gP1R":[16,0],"bHPH":[0,0]},"vertices":["W39a","eVZ6","gP1R","bHPH"],"texture":0},"PfGVSYWK":{"uv":{"Vigb":[0,16],"eKuW":[16,16],"6v4X":[16,0],"Urpd":[0,0]},"vertices":["Vigb","eKuW","6v4X","Urpd"],"texture":0},"gUXRyW0I":{"uv":{"Lk1q":[0,16],"hOWZ":[16,16],"rayE":[16,0]},"vertices":["Lk1q","hOWZ","rayE"],"texture":0},"TsZNmHlG":{"uv":{"AfMP":[0,16],"lvbS":[16,16],"NB9q":[16,0]},"vertices":["AfMP","lvbS","NB9q"],"texture":0},"CG3LNo5I":{"uv":{"qmZN":[0,16],"W39a":[16,16],"bHPH":[16,0],"bc3p":[0,0]},"vertices":["qmZN","W39a","bHPH","bc3p"],"texture":0},"2U0gaGgu":{"uv":{"eVZ6":[0,16],"Vigb":[16,16],"Urpd":[16,0],"gP1R":[0,0]},"vertices":["eVZ6","Vigb","Urpd","gP1R"],"texture":0},"MXDPrtMM":{"uv":{"eKuW":[0,16],"Lk1q":[16,16],"rayE":[16,0],"6v4X":[0,0]},"vertices":["eKuW","Lk1q","rayE","6v4X"],"texture":0},"4aHdjSYN":{"uv":{"rayE":[0,16],"hOWZ":[16,16],"RUe3":[16,0]},"vertices":["rayE","hOWZ","RUe3"],"texture":0},"5QLkkKhU":{"uv":{"AfMP":[0,16],"NB9q":[16,16],"VACJ":[16,0]},"vertices":["AfMP","NB9q","VACJ"],"texture":0},"2XQv62rp":{"uv":{"bc3p":[0,16],"bHPH":[16,16],"SG0O":[16,0],"ZSbh":[0,0]},"vertices":["bc3p","bHPH","SG0O","ZSbh"],"texture":0},"upyzcBe8":{"uv":{"gP1R":[0,16],"Urpd":[16,16],"ar8L":[16,0],"jyMw":[0,0]},"vertices":["gP1R","Urpd","ar8L","jyMw"],"texture":0},"yNXPtfuc":{"uv":{"6v4X":[0,16],"rayE":[16,16],"RUe3":[16,0],"0uND":[0,0]},"vertices":["6v4X","rayE","RUe3","0uND"],"texture":0},"xkWaBI9W":{"uv":{"NB9q":[0,16],"bc3p":[16,16],"ZSbh":[16,0],"VACJ":[0,0]},"vertices":["NB9q","bc3p","ZSbh","VACJ"],"texture":0},"YoYLkVmo":{"uv":{"bHPH":[0,16],"gP1R":[16,16],"jyMw":[16,0],"SG0O":[0,0]},"vertices":["bHPH","gP1R","jyMw","SG0O"],"texture":0},"Onbv3QXp":{"uv":{"Urpd":[0,16],"6v4X":[16,16],"0uND":[16,0],"ar8L":[0,0]},"vertices":["Urpd","6v4X","0uND","ar8L"],"texture":0},"tcP7RZmM":{"uv":{"ZSbh":[0,16],"SG0O":[16,16],"Vcnt":[16,0],"sCWv":[0,0]},"vertices":["ZSbh","SG0O","Vcnt","sCWv"],"texture":0},"vpJNPgsB":{"uv":{"jyMw":[0,16],"ar8L":[16,16],"SXsA":[16,0],"lWe4":[0,0]},"vertices":["jyMw","ar8L","SXsA","lWe4"],"texture":0},"5H8hMo3z":{"uv":{"0uND":[0,16],"RUe3":[16,16],"AdeO":[16,0],"Ye0s":[0,0]},"vertices":["0uND","RUe3","AdeO","Ye0s"],"texture":0},"eeptnZH3":{"uv":{"VACJ":[0,16],"ZSbh":[16,16],"sCWv":[16,0],"aJGJ":[0,0]},"vertices":["VACJ","ZSbh","sCWv","aJGJ"],"texture":0},"0oYcgJmI":{"uv":{"SG0O":[0,16],"jyMw":[16,16],"lWe4":[16,0],"Vcnt":[0,0]},"vertices":["SG0O","jyMw","lWe4","Vcnt"],"texture":0},"OpRDZpUq":{"uv":{"ar8L":[0,16],"0uND":[16,16],"Ye0s":[16,0],"SXsA":[0,0]},"vertices":["ar8L","0uND","Ye0s","SXsA"],"texture":0},"2YImnD1V":{"uv":{"RUe3":[0,16],"hOWZ":[16,16],"AdeO":[16,0]},"vertices":["RUe3","hOWZ","AdeO"],"texture":0},"eT4vKsJb":{"uv":{"AfMP":[0,16],"VACJ":[16,16],"aJGJ":[16,0]},"vertices":["AfMP","VACJ","aJGJ"],"texture":0},"5BmUHJua":{"uv":{"aJGJ":[0,16],"sCWv":[16,16],"8UuQ":[16,0],"3quR":[0,0]},"vertices":["aJGJ","sCWv","8UuQ","3quR"],"texture":0},"KqA1xvOG":{"uv":{"Vcnt":[0,16],"lWe4":[16,16],"KJpA":[16,0],"WdF5":[0,0]},"vertices":["Vcnt","lWe4","KJpA","WdF5"],"texture":0},"TBt43164":{"uv":{"SXsA":[0,16],"Ye0s":[16,16],"VAeA":[16,0],"br26":[0,0]},"vertices":["SXsA","Ye0s","VAeA","br26"],"texture":0},"Dk2YNlA4":{"uv":{"AdeO":[0,16],"hOWZ":[16,16],"El1v":[16,0]},"vertices":["AdeO","hOWZ","El1v"],"texture":0},"w7YFz5eB":{"uv":{"AfMP":[0,16],"aJGJ":[16,16],"3quR":[16,0]},"vertices":["AfMP","aJGJ","3quR"],"texture":0},"KhvWTFcS":{"uv":{"sCWv":[0,16],"Vcnt":[16,16],"WdF5":[16,0],"8UuQ":[0,0]},"vertices":["sCWv","Vcnt","WdF5","8UuQ"],"texture":0},"0BRrFUBl":{"uv":{"lWe4":[0,16],"SXsA":[16,16],"br26":[16,0],"KJpA":[0,0]},"vertices":["lWe4","SXsA","br26","KJpA"],"texture":0},"CGd8b2f5":{"uv":{"Ye0s":[0,16],"AdeO":[16,16],"El1v":[16,0],"VAeA":[0,0]},"vertices":["Ye0s","AdeO","El1v","VAeA"],"texture":0},"OtLoizqC":{"uv":{"WdF5":[0,16],"KJpA":[16,16],"CYMn":[16,0],"gR4l":[0,0]},"vertices":["WdF5","KJpA","CYMn","gR4l"],"texture":0},"qGrzDT7g":{"uv":{"br26":[0,16],"VAeA":[16,16],"Nrxs":[16,0],"6Zpj":[0,0]},"vertices":["br26","VAeA","Nrxs","6Zpj"],"texture":0},"mpOUQVD9":{"uv":{"El1v":[0,16],"hOWZ":[16,16],"5Pul":[16,0]},"vertices":["El1v","hOWZ","5Pul"],"texture":0},"PJ8lTRuT":{"uv":{"AfMP":[0,16],"3quR":[16,16],"ZSD4":[16,0]},"vertices":["AfMP","3quR","ZSD4"],"texture":0},"e24Tut1K":{"uv":{"8UuQ":[0,16],"WdF5":[16,16],"gR4l":[16,0],"z5Mj":[0,0]},"vertices":["8UuQ","WdF5","gR4l","z5Mj"],"texture":0},"kZ1ObhCq":{"uv":{"KJpA":[0,16],"br26":[16,16],"6Zpj":[16,0],"CYMn":[0,0]},"vertices":["KJpA","br26","6Zpj","CYMn"],"texture":0},"GILCp7fr":{"uv":{"VAeA":[0,16],"El1v":[16,16],"5Pul":[16,0],"Nrxs":[0,0]},"vertices":["VAeA","El1v","5Pul","Nrxs"],"texture":0},"IilTRRcy":{"uv":{"3quR":[0,16],"8UuQ":[16,16],"z5Mj":[16,0],"ZSD4":[0,0]},"vertices":["3quR","8UuQ","z5Mj","ZSD4"],"texture":0},"7s2tmZbu":{"uv":{"AfMP":[0,16],"ZSD4":[16,16],"2iB2":[16,0]},"vertices":["AfMP","ZSD4","2iB2"],"texture":0},"bUQoQWMQ":{"uv":{"z5Mj":[0,16],"gR4l":[16,16],"BDRv":[16,0],"d8MF":[0,0]},"vertices":["z5Mj","gR4l","BDRv","d8MF"],"texture":0},"uqiCcwOW":{"uv":{"CYMn":[0,16],"6Zpj":[16,16],"825w":[16,0],"i1ob":[0,0]},"vertices":["CYMn","6Zpj","825w","i1ob"],"texture":0},"KN3N6NPj":{"uv":{"Nrxs":[0,16],"5Pul":[16,16],"CcIP":[16,0],"ZOZ3":[0,0]},"vertices":["Nrxs","5Pul","CcIP","ZOZ3"],"texture":0},"SdN725z3":{"uv":{"ZSD4":[0,16],"z5Mj":[16,16],"d8MF":[16,0],"2iB2":[0,0]},"vertices":["ZSD4","z5Mj","d8MF","2iB2"],"texture":0},"t8oBORoV":{"uv":{"gR4l":[0,16],"CYMn":[16,16],"i1ob":[16,0],"BDRv":[0,0]},"vertices":["gR4l","CYMn","i1ob","BDRv"],"texture":0},"1JU9MFWU":{"uv":{"6Zpj":[0,16],"Nrxs":[16,16],"ZOZ3":[16,0],"825w":[0,0]},"vertices":["6Zpj","Nrxs","ZOZ3","825w"],"texture":0},"UWU9rOiV":{"uv":{"5Pul":[0,16],"hOWZ":[16,16],"CcIP":[16,0]},"vertices":["5Pul","hOWZ","CcIP"],"texture":0}},"type":"mesh","uuid":"b7d33e2a-8d4d-16fb-91a9-16a37ee34977"},{"name":"Plane.011","color":9,"origin":[0,0,0],"rotation":[0,0,0],"export":true,"visibility":true,"locked":false,"render_order":"default","allow_mirror_modeling":true,"vertices":{"QxFD":[3.51003312,0.68447168,0.41706336],"HNgg":[38.31000272,-78.29593328,12.9348832],"fO5Y":[-8.41153248,-87.40682832,7.383400320000001],"yUT3":[-3.51003312,-0.68447168,-0.41706336],"Psz4":[2.28891312,2.70790992,-0.6251880000000001],"8Auz":[24.55195744,-8.3376208,-84.21939984000001],"5h3P":[-5.915419040000001,-44.38225936,-75.89760272000001],"BbAp":[-2.28891312,-2.70790992,0.6251880000000001],"GEms":[0.90802992,3.47338256,-0.271784],"m9FV":[-76.0153984,44.44152608,-3.43958128],"JBrD":[-88.10209504000001,-1.7921462400000001,0.17814784],"U7cq":[-0.90802992,-3.47338256,0.271784],"RFMU":[2.856912,0.5837547200000001,2.11188464],"4Uck":[-30.871041440000003,42.14925488,70.96225968],"Z9vk":[-68.89901632,34.378988480000004,42.851305599999996],"7gNS":[-2.856912,-0.5837547200000001,-2.11188464],"KKaM":[2.9602408,-0.055662720000000006,-2.04856448],"rs8q":[15.593863520000001,83.92955344,-21.86054112],"Rfsd":[-23.809508,84.67045104,5.40764512],"Q0RP":[-2.9602408,0.055662720000000006,2.04856448],"Vu6c":[2.64683696,-1.3697320000000002,-2.02011408],"9c0p":[71.737832,47.479944,19.09344928],"VyxZ":[36.50615408,65.71224928000001,45.982859360000006],"kzQA":[-2.64683696,1.3697320000000002,2.02011408],"EeRi":[1.7895598400000001,-1.10909072,2.9206392000000005],"lves":[-44.41721392000001,-69.84554544000001,30.2313272],"lYQy":[-68.23782224,-55.08254384,-8.64491056],"KI7l":[-1.7895598400000001,1.10909072,-2.9206392000000005],"VHdN":[3.3846648000000004,-0.71871392,-0.99513648],"E7sy":[43.685356000000006,-17.4733368,74.50834976],"ILNQ":[-1.36736608,-7.90660784,87.75441504],"Zk4m":[-3.3846648000000004,0.71871392,0.99513648],"Pkju":[1.7696148800000002,3.02644416,-0.81966832],"LCDf":[83.888612,-14.35848864,22.842033280000003],"Nnvp":[60.333470080000005,-54.64305088,33.752511520000006],"puJ8":[-1.7696148800000002,-3.02644416,0.81966832],"Y3TT":[-0.17162672,-3.43676592,-1.0592198400000001],"3JZ5":[78.93255232,-18.3817568,-34.59748416],"rUtN":[81.21710672,27.36456992,-20.49841568],"SsJZ":[0.17162672,3.43676592,1.0592198400000001],"PHwl":[-2.90119456,-0.7551864,1.9938769600000001],"HSYa":[-69.1361256,9.124573280000002,-53.87170160000001],"PeZZ":[-30.51878224,19.176756800000003,-80.41192224000001],"G0mX":[2.90119456,0.7551864,-1.9938769600000001]},"faces":{"RByEKdT1":{"uv":{"QxFD":[0,16],"HNgg":[16,16],"fO5Y":[16,0],"yUT3":[0,0]},"vertices":["HNgg","QxFD","fO5Y","yUT3"],"texture":1},"hSsr5QWj":{"uv":{"Psz4":[0,16],"8Auz":[16,16],"5h3P":[16,0],"BbAp":[0,0]},"vertices":["8Auz","Psz4","5h3P","BbAp"],"texture":1},"SpmNymqD":{"uv":{"GEms":[0,16],"m9FV":[16,16],"JBrD":[16,0],"U7cq":[0,0]},"vertices":["m9FV","GEms","JBrD","U7cq"],"texture":1},"tuKzt76z":{"uv":{"RFMU":[0,16],"4Uck":[16,16],"Z9vk":[16,0],"7gNS":[0,0]},"vertices":["4Uck","RFMU","Z9vk","7gNS"],"texture":1},"vMWyDNwx":{"uv":{"KKaM":[0,16],"rs8q":[16,16],"Rfsd":[16,0],"Q0RP":[0,0]},"vertices":["rs8q","KKaM","Rfsd","Q0RP"],"texture":1},"GKjh8s8J":{"uv":{"Vu6c":[0,16],"9c0p":[16,16],"VyxZ":[16,0],"kzQA":[0,0]},"vertices":["9c0p","Vu6c","VyxZ","kzQA"],"texture":1},"BYeVtMXC":{"uv":{"EeRi":[0,16],"lves":[16,16],"lYQy":[16,0],"KI7l":[0,0]},"vertices":["lves","EeRi","lYQy","KI7l"],"texture":1},"zsskUC79":{"uv":{"VHdN":[0,16],"E7sy":[16,16],"ILNQ":[16,0],"Zk4m":[0,0]},"vertices":["E7sy","VHdN","ILNQ","Zk4m"],"texture":1},"Z7THIF2Z":{"uv":{"Pkju":[0,16],"LCDf":[16,16],"Nnvp":[16,0],"puJ8":[0,0]},"vertices":["LCDf","Pkju","Nnvp","puJ8"],"texture":1},"75CPv5jR":{"uv":{"Y3TT":[0,16],"3JZ5":[16,16],"rUtN":[16,0],"SsJZ":[0,0]},"vertices":["3JZ5","Y3TT","rUtN","SsJZ"],"texture":1},"uEAwCCCD":{"uv":{"PHwl":[0,16],"HSYa":[16,16],"PeZZ":[16,0],"G0mX":[0,0]},"vertices":["HSYa","PHwl","PeZZ","G0mX"],"texture":1}},"type":"mesh","uuid":"a13d08c2-b1ca-ca86-e3a1-087d60bfd9f4"},{"name":"Plane.012","color":9,"origin":[0,0,0],"rotation":[0,0,0],"export":true,"visibility":true,"locked":false,"render_order":"default","allow_mirror_modeling":true,"vertices":{"QxFD":[3.51003312,0.68447168,0.41706336],"HNgg":[38.31000272,-78.29593328,12.9348832],"fO5Y":[-8.41153248,-87.40682832,7.383400320000001],"yUT3":[-3.51003312,-0.68447168,-0.41706336],"Psz4":[2.28891312,2.70790992,-0.6251880000000001],"8Auz":[24.55195744,-8.3376208,-84.21939984000001],"5h3P":[-5.915419040000001,-44.38225936,-75.89760272000001],"BbAp":[-2.28891312,-2.70790992,0.6251880000000001],"GEms":[0.90802992,3.47338256,-0.271784],"m9FV":[-76.0153984,44.44152608,-3.43958128],"JBrD":[-88.10209504000001,-1.7921462400000001,0.17814784],"U7cq":[-0.90802992,-3.47338256,0.271784],"RFMU":[2.856912,0.5837547200000001,2.11188464],"4Uck":[-30.871041440000003,42.14925488,70.96225968],"Z9vk":[-68.89901632,34.378988480000004,42.851305599999996],"7gNS":[-2.856912,-0.5837547200000001,-2.11188464],"KKaM":[2.9602408,-0.055662720000000006,-2.04856448],"rs8q":[15.593863520000001,83.92955344,-21.86054112],"Rfsd":[-23.809508,84.67045104,5.40764512],"Q0RP":[-2.9602408,0.055662720000000006,2.04856448],"Vu6c":[2.64683696,-1.3697320000000002,-2.02011408],"9c0p":[71.737832,47.479944,19.09344928],"VyxZ":[36.50615408,65.71224928000001,45.982859360000006],"kzQA":[-2.64683696,1.3697320000000002,2.02011408],"EeRi":[1.7895598400000001,-1.10909072,2.9206392000000005],"lves":[-44.41721392000001,-69.84554544000001,30.2313272],"lYQy":[-68.23782224,-55.08254384,-8.64491056],"KI7l":[-1.7895598400000001,1.10909072,-2.9206392000000005],"VHdN":[3.3846648000000004,-0.71871392,-0.99513648],"E7sy":[43.685356000000006,-17.4733368,74.50834976],"ILNQ":[-1.36736608,-7.90660784,87.75441504],"Zk4m":[-3.3846648000000004,0.71871392,0.99513648],"Pkju":[1.7696148800000002,3.02644416,-0.81966832],"LCDf":[83.888612,-14.35848864,22.842033280000003],"Nnvp":[60.333470080000005,-54.64305088,33.752511520000006],"puJ8":[-1.7696148800000002,-3.02644416,0.81966832],"Y3TT":[-0.17162672,-3.43676592,-1.0592198400000001],"3JZ5":[78.93255232,-18.3817568,-34.59748416],"rUtN":[81.21710672,27.36456992,-20.49841568],"SsJZ":[0.17162672,3.43676592,1.0592198400000001],"PHwl":[-2.90119456,-0.7551864,1.9938769600000001],"HSYa":[-69.1361256,9.124573280000002,-53.87170160000001],"PeZZ":[-30.51878224,19.176756800000003,-80.41192224000001],"G0mX":[2.90119456,0.7551864,-1.9938769600000001]},"faces":{"RByEKdT1":{"uv":{"QxFD":[0,16],"HNgg":[16,16],"fO5Y":[16,0],"yUT3":[0,0]},"vertices":["QxFD","HNgg","fO5Y","yUT3"],"texture":1},"hSsr5QWj":{"uv":{"Psz4":[0,16],"8Auz":[16,16],"5h3P":[16,0],"BbAp":[0,0]},"vertices":["Psz4","8Auz","5h3P","BbAp"],"texture":1},"SpmNymqD":{"uv":{"GEms":[0,16],"m9FV":[16,16],"JBrD":[16,0],"U7cq":[0,0]},"vertices":["GEms","m9FV","JBrD","U7cq"],"texture":1},"tuKzt76z":{"uv":{"RFMU":[0,16],"4Uck":[16,16],"Z9vk":[16,0],"7gNS":[0,0]},"vertices":["RFMU","4Uck","Z9vk","7gNS"],"texture":1},"vMWyDNwx":{"uv":{"KKaM":[0,16],"rs8q":[16,16],"Rfsd":[16,0],"Q0RP":[0,0]},"vertices":["KKaM","rs8q","Rfsd","Q0RP"],"texture":1},"GKjh8s8J":{"uv":{"Vu6c":[0,16],"9c0p":[16,16],"VyxZ":[16,0],"kzQA":[0,0]},"vertices":["Vu6c","9c0p","VyxZ","kzQA"],"texture":1},"BYeVtMXC":{"uv":{"EeRi":[0,16],"lves":[16,16],"lYQy":[16,0],"KI7l":[0,0]},"vertices":["EeRi","lves","lYQy","KI7l"],"texture":1},"zsskUC79":{"uv":{"VHdN":[0,16],"E7sy":[16,16],"ILNQ":[16,0],"Zk4m":[0,0]},"vertices":["VHdN","E7sy","ILNQ","Zk4m"],"texture":1},"Z7THIF2Z":{"uv":{"Pkju":[0,16],"LCDf":[16,16],"Nnvp":[16,0],"puJ8":[0,0]},"vertices":["Pkju","LCDf","Nnvp","puJ8"],"texture":1},"75CPv5jR":{"uv":{"Y3TT":[0,16],"3JZ5":[16,16],"rUtN":[16,0],"SsJZ":[0,0]},"vertices":["Y3TT","3JZ5","rUtN","SsJZ"],"texture":1},"uEAwCCCD":{"uv":{"PHwl":[0,16],"HSYa":[16,16],"PeZZ":[16,0],"G0mX":[0,0]},"vertices":["PHwl","HSYa","PeZZ","G0mX"],"texture":1}},"type":"mesh","uuid":"fdaa55b2-b4b7-ee73-2298-ce3b2dba74e9"}],"outliner":["b7d33e2a-8d4d-16fb-91a9-16a37ee34977",{"name":"glow","origin":[0,0,0],"color":0,"uuid":"5ab60dd1-6de5-548c-eb93-067b5a14977a","export":true,"mirror_uv":false,"isOpen":true,"locked":false,"visibility":true,"autouv":0,"children":["a13d08c2-b1ca-ca86-e3a1-087d60bfd9f4","fdaa55b2-b4b7-ee73-2298-ce3b2dba74e9"]}],"textures":[{"path":"D:\\GNs Figura Rewrite Library\\avatars\\COSMETIC\\Just SL\\disco.png","name":"disco.png","folder":"block","namespace":"","id":"0","width":16,"height":16,"uv_width":16,"uv_height":16,"particle":false,"layers_enabled":false,"sync_to_project":"","render_mode":"default","render_sides":"auto","frame_time":1,"frame_order_type":"loop","frame_order":"","frame_interpolate":false,"visible":true,"internal":true,"saved":true,"uuid":"3a2c8042-783e-9452-2e25-75af7b1a2dd9","relative_path":"../disco.png","source":"data:image/png;base64,iVBORw0KGgoAAAANSUhEUgAAABAAAAAQCAYAAAAf8/9hAAAAAXNSR0IArs4c6QAAAExJREFUOE9jdPLJ+8/AwMCgrK4CoogGd2/eAatlpNiA1OJJYBfo6qkTbTtI4eVLNyEuGDVgWIVBUow3Selg3pKtqOlgCBtAcWai1AAA3MtU6c+E/IAAAAAASUVORK5CYII="},{"path":"D:\\GNs Figura Rewrite Library\\avatars\\COSMETIC\\Just SL\\gradient.png","name":"gradient.png","folder":"block","namespace":"","id":"1","width":16,"height":16,"uv_width":16,"uv_height":16,"particle":false,"layers_enabled":false,"sync_to_project":"","render_mode":"default","render_sides":"auto","frame_time":1,"frame_order_type":"loop","frame_order":"","frame_interpolate":false,"visible":true,"internal":true,"saved":true,"uuid":"95a2e592-9a45-b4ab-fe13-444ba7f2e344","relative_path":"../gradient.png","source":"data:image/png;base64,iVBORw0KGgoAAAANSUhEUgAAABAAAAAQCAYAAAAf8/9hAAAAAXNSR0IArs4c6QAAADlJREFUOE9j/P79+/8PHz4wYMMfP35keP/+PQOIxqWGEZcB+DQhG4bTAJCiUReMhsFoOoDkTrrkBQDAw+GfV7BW5gAAAABJRU5ErkJggg=="}]}